hash: aa0fbb2557dfd3a8ea2127d038e4161ba0d71443b825f516e736c694ded3515b
updated: 2016-06-01T00:22:15.240439826-06:00
imports:
- name: github.com/dgrijalva/jwt-go
  version: 9b486c879bab3fde556ce8c27d9a2bb05d5b2c60
- name: github.com/elazarl/go-bindata-assetfs
  version: 57eb5e1fc594ad4b0b1dbea7b286d299e0cb43c2
  subpackages:
  - '...'
- name: github.com/gorilla/websocket
  version: 3ddc98405808dc90b76f43a2eddca8f12e244e2b
- name: github.com/jteeuwen/go-bindata
  version: a0ff2567cfb70903282db057e799fd826784d41d
  subpackages:
  - '...'
- name: github.com/labstack/echo
  version: 0d2dac7532e61dc64c14039c629e82c7f2c1b6f6
  subpackages:
  - '...'
  - engine/standard
  - middleware
  - engine
  - log
- name: github.com/labstack/gommon
  version: b5f03e345acd2096591b6f738cb8d2b9b3231c50
  subpackages:
  - log
  - bytes
  - color
- name: github.com/mattn/go-colorable
  version: e8a10ddc7d2a7fe255f6fd7f501070a4cb62c183
- name: github.com/mattn/go-isatty
  version: 56b76bdf51f7708750eac80fa38b952bb9f32639
- name: github.com/valyala/fasttemplate
  version: 3b874956e03f1636d171bda64b130f9135f42cff
- name: golang.org/x/net
  version: c4c3ea71919de159c9e246d7be66deb7f0a39a58
  subpackages:
  - context
- name: golang.org/x/sys
  version: d4feaf1a7e61e1d9e79e6c4e76c6349e9cab0a03
  subpackages:
  - unix
devImports: []
