hash: 3e9096e61a48804dbf35035e99ad0116b1c00d53caaf27b5d6cdc9ac4f56c598
updated: 2016-06-05T21:31:04.74179423-06:00
imports:
- name: github.com/dgrijalva/jwt-go
  version: 9b486c879bab3fde556ce8c27d9a2bb05d5b2c60
- name: github.com/elazarl/go-bindata-assetfs
  version: 57eb5e1fc594ad4b0b1dbea7b286d299e0cb43c2
  subpackages:
  - '...'
- name: github.com/gorilla/websocket
  version: 3ddc98405808dc90b76f43a2eddca8f12e244e2b
- name: github.com/jteeuwen/go-bindata
  version: a0ff2567cfb70903282db057e799fd826784d41d
  subpackages:
  - '...'
- name: github.com/labstack/echo
  version: acc91b28f36e51fb0211be6e40691442a2c0ef27
  subpackages:
  - '...'
  - engine/standard
  - middleware
  - engine
  - log
- name: github.com/labstack/gommon
  version: b5f03e345acd2096591b6f738cb8d2b9b3231c50
  subpackages:
  - log
  - bytes
  - color
- name: github.com/mattn/go-colorable
  version: 9056b7a9f2d1f2d96498d6d146acd1f9d5ed3d59
- name: github.com/mattn/go-isatty
  version: 56b76bdf51f7708750eac80fa38b952bb9f32639
- name: github.com/Sirupsen/logrus
  version: f3cfb454f4c209e6668c95216c4744b8fddb2356
- name: github.com/valyala/fasttemplate
  version: 3b874956e03f1636d171bda64b130f9135f42cff
- name: golang.org/x/sys
  version: 076b546753157f758b316e59bcb51e6807c04057
  subpackages:
  - unix
devImports: []
