hash: b4094d0236295b475191ffabd827a8a45022686c36f5d80955dac52416402c1f
updated: 2016-06-02T17:25:26.293466805-06:00
imports:
- name: github.com/dgrijalva/jwt-go
  version: 9b486c879bab3fde556ce8c27d9a2bb05d5b2c60
- name: github.com/elazarl/go-bindata-assetfs
  version: 57eb5e1fc594ad4b0b1dbea7b286d299e0cb43c2
  subpackages:
  - '...'
- name: github.com/gorilla/websocket
  version: 3ddc98405808dc90b76f43a2eddca8f12e244e2b
- name: github.com/jteeuwen/go-bindata
  version: a0ff2567cfb70903282db057e799fd826784d41d
  subpackages:
  - '...'
- name: github.com/labstack/echo
  version: ad06aee0c17b90b73e2013956aa762973f0afea6
  subpackages:
  - '...'
  - engine/standard
  - middleware
  - engine
  - log
- name: github.com/labstack/gommon
  version: b5f03e345acd2096591b6f738cb8d2b9b3231c50
  subpackages:
  - log
  - bytes
  - color
- name: github.com/mattn/go-colorable
  version: 9056b7a9f2d1f2d96498d6d146acd1f9d5ed3d59
- name: github.com/mattn/go-isatty
  version: 56b76bdf51f7708750eac80fa38b952bb9f32639
- name: github.com/Sirupsen/logrus
  version: f3cfb454f4c209e6668c95216c4744b8fddb2356
- name: github.com/valyala/fasttemplate
  version: 3b874956e03f1636d171bda64b130f9135f42cff
- name: golang.org/x/net
  version: c4c3ea71919de159c9e246d7be66deb7f0a39a58
  subpackages:
  - context
- name: golang.org/x/sys
  version: 076b546753157f758b316e59bcb51e6807c04057
  subpackages:
  - unix
devImports: []
